
Microsoft Visual Studio Solution File, Format Version 12.00
# Visual Studio Version 16
VisualStudioVersion = 16.0.30804.86
MinimumVisualStudioVersion = 10.0.40219.1
Project("{FAE04EC0-301F-11D3-BF4B-00C04F79EFBC}") = "Aromatics", "Aromatics\Aromatics.csproj", "{19CB5B0A-CAE5-4E28-B96F-5AD3F9D22D4D}"
EndProject
Project("{FAE04EC0-301F-11D3-BF4B-00C04F79EFBC}") = "CustomTiles", "CustomTiles\CustomTiles.csproj", "{F02D48DF-AD13-4C94-B423-EA109AE1FB2D}"
EndProject
Project("{FAE04EC0-301F-11D3-BF4B-00C04F79EFBC}") = "WoodenSetStructures", "WoodenSetStructures\WoodenSetStructures.csproj", "{ADC297F9-6908-4D11-8C05-6AD3B320346B}"
EndProject
Global
	GlobalSection(SolutionConfigurationPlatforms) = preSolution
		Debug|Any CPU = Debug|Any CPU
		Release|Any CPU = Release|Any CPU
	EndGlobalSection
	GlobalSection(ProjectConfigurationPlatforms) = postSolution
		{19CB5B0A-CAE5-4E28-B96F-5AD3F9D22D4D}.Debug|Any CPU.ActiveCfg = Debug|Any CPU
		{19CB5B0A-CAE5-4E28-B96F-5AD3F9D22D4D}.Debug|Any CPU.Build.0 = Debug|Any CPU
		{19CB5B0A-CAE5-4E28-B96F-5AD3F9D22D4D}.Release|Any CPU.ActiveCfg = Release|Any CPU
		{19CB5B0A-CAE5-4E28-B96F-5AD3F9D22D4D}.Release|Any CPU.Build.0 = Release|Any CPU
		{F02D48DF-AD13-4C94-B423-EA109AE1FB2D}.Debug|Any CPU.ActiveCfg = Debug|Any CPU
		{F02D48DF-AD13-4C94-B423-EA109AE1FB2D}.Debug|Any CPU.Build.0 = Debug|Any CPU
		{F02D48DF-AD13-4C94-B423-EA109AE1FB2D}.Release|Any CPU.ActiveCfg = Release|Any CPU
		{F02D48DF-AD13-4C94-B423-EA109AE1FB2D}.Release|Any CPU.Build.0 = Release|Any CPU
		{ADC297F9-6908-4D11-8C05-6AD3B320346B}.Debug|Any CPU.ActiveCfg = Debug|Any CPU
		{ADC297F9-6908-4D11-8C05-6AD3B320346B}.Debug|Any CPU.Build.0 = Debug|Any CPU
		{ADC297F9-6908-4D11-8C05-6AD3B320346B}.Release|Any CPU.ActiveCfg = Release|Any CPU
		{ADC297F9-6908-4D11-8C05-6AD3B320346B}.Release|Any CPU.Build.0 = Release|Any CPU
	EndGlobalSection
	GlobalSection(SolutionProperties) = preSolution
		HideSolutionNode = FALSE
	EndGlobalSection
	GlobalSection(ExtensibilityGlobals) = postSolution
		SolutionGuid = {5E4565A9-698C-4F65-96AE-C1C74D6BFBE5}
	EndGlobalSection
EndGlobal
