
Microsoft Visual Studio Solution File, Format Version 12.00
# Visual Studio 15
VisualStudioVersion = 15.0.28307.1340
MinimumVisualStudioVersion = 10.0.40219.1
Project("{FAE04EC0-301F-11D3-BF4B-00C04F79EFBC}") = "CustomTiles", "CustomTiles.csproj", "{F02D48DF-AD13-4C94-B423-EA109AE1FB2D}"
EndProject
Global
	GlobalSection(SolutionConfigurationPlatforms) = preSolution
		Debug|Any CPU = Debug|Any CPU
		Release|Any CPU = Release|Any CPU
	EndGlobalSection
	GlobalSection(ProjectConfigurationPlatforms) = postSolution
		{F02D48DF-AD13-4C94-B423-EA109AE1FB2D}.Debug|Any CPU.ActiveCfg = Debug|Any CPU
		{F02D48DF-AD13-4C94-B423-EA109AE1FB2D}.Debug|Any CPU.Build.0 = Debug|Any CPU
		{F02D48DF-AD13-4C94-B423-EA109AE1FB2D}.Release|Any CPU.ActiveCfg = Release|Any CPU
		{F02D48DF-AD13-4C94-B423-EA109AE1FB2D}.Release|Any CPU.Build.0 = Release|Any CPU
	EndGlobalSection
	GlobalSection(SolutionProperties) = preSolution
		HideSolutionNode = FALSE
	EndGlobalSection
	GlobalSection(ExtensibilityGlobals) = postSolution
		SolutionGuid = {78C3C8F3-D3C5-4BAE-A100-D5425A3C3B1A}
	EndGlobalSection
EndGlobal
